// !$*UTF8*$!
{
	archiveVersion = 1;
	classes = {
	};
	objectVersion = 50;
	objects = {

/* Begin PBXBuildFile section */
		B986859D25F7E9FC00DC7C78 /* SwiftUI_Redux_tutorialApp.swift in Sources */ = {isa = PBXBuildFile; fileRef = B986859C25F7E9FC00DC7C78 /* SwiftUI_Redux_tutorialApp.swift */; };
		B986859F25F7E9FC00DC7C78 /* ContentView.swift in Sources */ = {isa = PBXBuildFile; fileRef = B986859E25F7E9FC00DC7C78 /* ContentView.swift */; };
		B98685A125F7E9FD00DC7C78 /* Assets.xcassets in Resources */ = {isa = PBXBuildFile; fileRef = B98685A025F7E9FD00DC7C78 /* Assets.xcassets */; };
		B98685A425F7E9FD00DC7C78 /* Preview Assets.xcassets in Resources */ = {isa = PBXBuildFile; fileRef = B98685A325F7E9FD00DC7C78 /* Preview Assets.xcassets */; };
		B98685AD25F7EA6A00DC7C78 /* DiceView.swift in Sources */ = {isa = PBXBuildFile; fileRef = B98685AC25F7EA6A00DC7C78 /* DiceView.swift */; };
		B98685B025F7EC5500DC7C78 /* MyButtonStyle.swift in Sources */ = {isa = PBXBuildFile; fileRef = B98685AF25F7EC5500DC7C78 /* MyButtonStyle.swift */; };
		B98685B325F7EE3100DC7C78 /* AppState.swift in Sources */ = {isa = PBXBuildFile; fileRef = B98685B225F7EE3100DC7C78 /* AppState.swift */; };
		B98685B625F7EE7400DC7C78 /* AppAction.swift in Sources */ = {isa = PBXBuildFile; fileRef = B98685B525F7EE7400DC7C78 /* AppAction.swift */; };
		B98685B925F7EF8200DC7C78 /* Reducer.swift in Sources */ = {isa = PBXBuildFile; fileRef = B98685B825F7EF8200DC7C78 /* Reducer.swift */; };
		B98685BC25F7F7FC00DC7C78 /* AppleStore.swift in Sources */ = {isa = PBXBuildFile; fileRef = B98685BB25F7F7FC00DC7C78 /* AppleStore.swift */; };
/* End PBXBuildFile section */

/* Begin PBXFileReference section */
		B986859925F7E9FC00DC7C78 /* SwiftUI_Redux_tutorial.app */ = {isa = PBXFileReference; explicitFileType = wrapper.application; includeInIndex = 0; path = SwiftUI_Redux_tutorial.app; sourceTree = BUILT_PRODUCTS_DIR; };
		B986859C25F7E9FC00DC7C78 /* SwiftUI_Redux_tutorialApp.swift */ = {isa = PBXFileReference; lastKnownFileType = sourcecode.swift; path = SwiftUI_Redux_tutorialApp.swift; sourceTree = "<group>"; };
		B986859E25F7E9FC00DC7C78 /* ContentView.swift */ = {isa = PBXFileReference; lastKnownFileType = sourcecode.swift; path = ContentView.swift; sourceTree = "<group>"; };
		B98685A025F7E9FD00DC7C78 /* Assets.xcassets */ = {isa = PBXFileReference; lastKnownFileType = folder.assetcatalog; path = Assets.xcassets; sourceTree = "<group>"; };
		B98685A325F7E9FD00DC7C78 /* Preview Assets.xcassets */ = {isa = PBXFileReference; lastKnownFileType = folder.assetcatalog; path = "Preview Assets.xcassets"; sourceTree = "<group>"; };
		B98685A525F7E9FD00DC7C78 /* Info.plist */ = {isa = PBXFileReference; lastKnownFileType = text.plist.xml; path = Info.plist; sourceTree = "<group>"; };
		B98685AC25F7EA6A00DC7C78 /* DiceView.swift */ = {isa = PBXFileReference; lastKnownFileType = sourcecode.swift; path = DiceView.swift; sourceTree = "<group>"; };
		B98685AF25F7EC5500DC7C78 /* MyButtonStyle.swift */ = {isa = PBXFileReference; lastKnownFileType = sourcecode.swift; path = MyButtonStyle.swift; sourceTree = "<group>"; };
		B98685B225F7EE3100DC7C78 /* AppState.swift */ = {isa = PBXFileReference; lastKnownFileType = sourcecode.swift; path = AppState.swift; sourceTree = "<group>"; };
		B98685B525F7EE7400DC7C78 /* AppAction.swift */ = {isa = PBXFileReference; lastKnownFileType = sourcecode.swift; path = AppAction.swift; sourceTree = "<group>"; };
		B98685B825F7EF8200DC7C78 /* Reducer.swift */ = {isa = PBXFileReference; lastKnownFileType = sourcecode.swift; path = Reducer.swift; sourceTree = "<group>"; };
		B98685BB25F7F7FC00DC7C78 /* AppleStore.swift */ = {isa = PBXFileReference; lastKnownFileType = sourcecode.swift; path = AppleStore.swift; sourceTree = "<group>"; };
/* End PBXFileReference section */

/* Begin PBXFrameworksBuildPhase section */
		B986859625F7E9FC00DC7C78 /* Frameworks */ = {
			isa = PBXFrameworksBuildPhase;
			buildActionMask = 2147483647;
			files = (
			);
			runOnlyForDeploymentPostprocessing = 0;
		};
/* End PBXFrameworksBuildPhase section */

/* Begin PBXGroup section */
		B986859025F7E9FC00DC7C78 = {
			isa = PBXGroup;
			children = (
				B986859B25F7E9FC00DC7C78 /* SwiftUI_Redux_tutorial */,
				B986859A25F7E9FC00DC7C78 /* Products */,
			);
			sourceTree = "<group>";
		};
		B986859A25F7E9FC00DC7C78 /* Products */ = {
			isa = PBXGroup;
			children = (
				B986859925F7E9FC00DC7C78 /* SwiftUI_Redux_tutorial.app */,
			);
			name = Products;
			sourceTree = "<group>";
		};
		B986859B25F7E9FC00DC7C78 /* SwiftUI_Redux_tutorial */ = {
			isa = PBXGroup;
			children = (
				B986859C25F7E9FC00DC7C78 /* SwiftUI_Redux_tutorialApp.swift */,
				B986859E25F7E9FC00DC7C78 /* ContentView.swift */,
				B98685A025F7E9FD00DC7C78 /* Assets.xcassets */,
				B98685A525F7E9FD00DC7C78 /* Info.plist */,
				B98685A225F7E9FD00DC7C78 /* Preview Content */,
				B98685AC25F7EA6A00DC7C78 /* DiceView.swift */,
				B98685B225F7EE3100DC7C78 /* AppState.swift */,
				B98685AF25F7EC5500DC7C78 /* MyButtonStyle.swift */,
				B98685B525F7EE7400DC7C78 /* AppAction.swift */,
				B98685B825F7EF8200DC7C78 /* Reducer.swift */,
				B98685BB25F7F7FC00DC7C78 /* AppleStore.swift */,
			);
			path = SwiftUI_Redux_tutorial;
			sourceTree = "<group>";
		};
		B98685A225F7E9FD00DC7C78 /* Preview Content */ = {
			isa = PBXGroup;
			children = (
				B98685A325F7E9FD00DC7C78 /* Preview Assets.xcassets */,
			);
			path = "Preview Content";
			sourceTree = "<group>";
		};
/* End PBXGroup section */

/* Begin PBXNativeTarget section */
		B986859825F7E9FC00DC7C78 /* SwiftUI_Redux_tutorial */ = {
			isa = PBXNativeTarget;
			buildConfigurationList = B98685A825F7E9FD00DC7C78 /* Build configuration list for PBXNativeTarget "SwiftUI_Redux_tutorial" */;
			buildPhases = (
				B986859525F7E9FC00DC7C78 /* Sources */,
				B986859625F7E9FC00DC7C78 /* Frameworks */,
				B986859725F7E9FC00DC7C78 /* Resources */,
			);
			buildRules = (
			);
			dependencies = (
			);
			name = SwiftUI_Redux_tutorial;
			productName = SwiftUI_Redux_tutorial;
			productReference = B986859925F7E9FC00DC7C78 /* SwiftUI_Redux_tutorial.app */;
			productType = "com.apple.product-type.application";
		};
/* End PBXNativeTarget section */

/* Begin PBXProject section */
		B986859125F7E9FC00DC7C78 /* Project object */ = {
			isa = PBXProject;
			attributes = {
				LastSwiftUpdateCheck = 1240;
				LastUpgradeCheck = 1240;
				TargetAttributes = {
					B986859825F7E9FC00DC7C78 = {
						CreatedOnToolsVersion = 12.4;
					};
				};
			};
			buildConfigurationList = B986859425F7E9FC00DC7C78 /* Build configuration list for PBXProject "SwiftUI_Redux_tutorial" */;
			compatibilityVersion = "Xcode 9.3";
			developmentRegion = en;
			hasScannedForEncodings = 0;
			knownRegions = (
				en,
				Base,
			);
			mainGroup = B986859025F7E9FC00DC7C78;
			productRefGroup = B986859A25F7E9FC00DC7C78 /* Products */;
			projectDirPath = "";
			projectRoot = "";
			targets = (
				B986859825F7E9FC00DC7C78 /* SwiftUI_Redux_tutorial */,
			);
		};
/* End PBXProject section */

/* Begin PBXResourcesBuildPhase section */
		B986859725F7E9FC00DC7C78 /* Resources */ = {
			isa = PBXResourcesBuildPhase;
			buildActionMask = 2147483647;
			files = (
				B98685A425F7E9FD00DC7C78 /* Preview Assets.xcassets in Resources */,
				B98685A125F7E9FD00DC7C78 /* Assets.xcassets in Resources */,
			);
			runOnlyForDeploymentPostprocessing = 0;
		};
/* End PBXResourcesBuildPhase section */

/* Begin PBXSourcesBuildPhase section */
		B986859525F7E9FC00DC7C78 /* Sources */ = {
			isa = PBXSourcesBuildPhase;
			buildActionMask = 2147483647;
			files = (
				B986859F25F7E9FC00DC7C78 /* ContentView.swift in Sources */,
				B98685B625F7EE7400DC7C78 /* AppAction.swift in Sources */,
				B98685BC25F7F7FC00DC7C78 /* AppleStore.swift in Sources */,
				B98685B325F7EE3100DC7C78 /* AppState.swift in Sources */,
				B98685B025F7EC5500DC7C78 /* MyButtonStyle.swift in Sources */,
				B98685B925F7EF8200DC7C78 /* Reducer.swift in Sources */,
				B98685AD25F7EA6A00DC7C78 /* DiceView.swift in Sources */,
				B986859D25F7E9FC00DC7C78 /* SwiftUI_Redux_tutorialApp.swift in Sources */,
			);
			runOnlyForDeploymentPostprocessing = 0;
		};
/* End PBXSourcesBuildPhase section */

/* Begin XCBuildConfiguration section */
		B98685A625F7E9FD00DC7C78 /* Debug */ = {
			isa = XCBuildConfiguration;
			buildSettings = {
				ALWAYS_SEARCH_USER_PATHS = NO;
				CLANG_ANALYZER_NONNULL = YES;
				CLANG_ANALYZER_NUMBER_OBJECT_CONVERSION = YES_AGGRESSIVE;
				CLANG_CXX_LANGUAGE_STANDARD = "gnu++14";
				CLANG_CXX_LIBRARY = "libc++";
				CLANG_ENABLE_MODULES = YES;
				CLANG_ENABLE_OBJC_ARC = YES;
				CLANG_ENABLE_OBJC_WEAK = YES;
				CLANG_WARN_BLOCK_CAPTURE_AUTORELEASING = YES;
				CLANG_WARN_BOOL_CONVERSION = YES;
				CLANG_WARN_COMMA = YES;
				CLANG_WARN_CONSTANT_CONVERSION = YES;
				CLANG_WARN_DEPRECATED_OBJC_IMPLEMENTATIONS = YES;
				CLANG_WARN_DIRECT_OBJC_ISA_USAGE = YES_ERROR;
				CLANG_WARN_DOCUMENTATION_COMMENTS = YES;
				CLANG_WARN_EMPTY_BODY = YES;
				CLANG_WARN_ENUM_CONVERSION = YES;
				CLANG_WARN_INFINITE_RECURSION = YES;
				CLANG_WARN_INT_CONVERSION = YES;
				CLANG_WARN_NON_LITERAL_NULL_CONVERSION = YES;
				CLANG_WARN_OBJC_IMPLICIT_RETAIN_SELF = YES;
				CLANG_WARN_OBJC_LITERAL_CONVERSION = YES;
				CLANG_WARN_OBJC_ROOT_CLASS = YES_ERROR;
				CLANG_WARN_QUOTED_INCLUDE_IN_FRAMEWORK_HEADER = YES;
				CLANG_WARN_RANGE_LOOP_ANALYSIS = YES;
				CLANG_WARN_STRICT_PROTOTYPES = YES;
				CLANG_WARN_SUSPICIOUS_MOVE = YES;
				CLANG_WARN_UNGUARDED_AVAILABILITY = YES_AGGRESSIVE;
				CLANG_WARN_UNREACHABLE_CODE = YES;
				CLANG_WARN__DUPLICATE_METHOD_MATCH = YES;
				COPY_PHASE_STRIP = NO;
				DEBUG_INFORMATION_FORMAT = dwarf;
				ENABLE_STRICT_OBJC_MSGSEND = YES;
				ENABLE_TESTABILITY = YES;
				GCC_C_LANGUAGE_STANDARD = gnu11;
				GCC_DYNAMIC_NO_PIC = NO;
				GCC_NO_COMMON_BLOCKS = YES;
				GCC_OPTIMIZATION_LEVEL = 0;
				GCC_PREPROCESSOR_DEFINITIONS = (
					"DEBUG=1",
					"$(inherited)",
				);
				GCC_WARN_64_TO_32_BIT_CONVERSION = YES;
				GCC_WARN_ABOUT_RETURN_TYPE = YES_ERROR;
				GCC_WARN_UNDECLARED_SELECTOR = YES;
				GCC_WARN_UNINITIALIZED_AUTOS = YES_AGGRESSIVE;
				GCC_WARN_UNUSED_FUNCTION = YES;
				GCC_WARN_UNUSED_VARIABLE = YES;
				IPHONEOS_DEPLOYMENT_TARGET = 14.4;
				MTL_ENABLE_DEBUG_INFO = INCLUDE_SOURCE;
				MTL_FAST_MATH = YES;
				ONLY_ACTIVE_ARCH = YES;
				SDKROOT = iphoneos;
				SWIFT_ACTIVE_COMPILATION_CONDITIONS = DEBUG;
				SWIFT_OPTIMIZATION_LEVEL = "-Onone";
			};
			name = Debug;
		};
		B98685A725F7E9FD00DC7C78 /* Release */ = {
			isa = XCBuildConfiguration;
			buildSettings = {
				ALWAYS_SEARCH_USER_PATHS = NO;
				CLANG_ANALYZER_NONNULL = YES;
				CLANG_ANALYZER_NUMBER_OBJECT_CONVERSION = YES_AGGRESSIVE;
				CLANG_CXX_LANGUAGE_STANDARD = "gnu++14";
				CLANG_CXX_LIBRARY = "libc++";
				CLANG_ENABLE_MODULES = YES;
				CLANG_ENABLE_OBJC_ARC = YES;
				CLANG_ENABLE_OBJC_WEAK = YES;
				CLANG_WARN_BLOCK_CAPTURE_AUTORELEASING = YES;
				CLANG_WARN_BOOL_CONVERSION = YES;
				CLANG_WARN_COMMA = YES;
				CLANG_WARN_CONSTANT_CONVERSION = YES;
				CLANG_WARN_DEPRECATED_OBJC_IMPLEMENTATIONS = YES;
				CLANG_WARN_DIRECT_OBJC_ISA_USAGE = YES_ERROR;
				CLANG_WARN_DOCUMENTATION_COMMENTS = YES;
				CLANG_WARN_EMPTY_BODY = YES;
				CLANG_WARN_ENUM_CONVERSION = YES;
				CLANG_WARN_INFINITE_RECURSION = YES;
				CLANG_WARN_INT_CONVERSION = YES;
				CLANG_WARN_NON_LITERAL_NULL_CONVERSION = YES;
				CLANG_WARN_OBJC_IMPLICIT_RETAIN_SELF = YES;
				CLANG_WARN_OBJC_LITERAL_CONVERSION = YES;
				CLANG_WARN_OBJC_ROOT_CLASS = YES_ERROR;
				CLANG_WARN_QUOTED_INCLUDE_IN_FRAMEWORK_HEADER = YES;
				CLANG_WARN_RANGE_LOOP_ANALYSIS = YES;
				CLANG_WARN_STRICT_PROTOTYPES = YES;
				CLANG_WARN_SUSPICIOUS_MOVE = YES;
				CLANG_WARN_UNGUARDED_AVAILABILITY = YES_AGGRESSIVE;
				CLANG_WARN_UNREACHABLE_CODE = YES;
				CLANG_WARN__DUPLICATE_METHOD_MATCH = YES;
				COPY_PHASE_STRIP = NO;
				DEBUG_INFORMATION_FORMAT = "dwarf-with-dsym";
				ENABLE_NS_ASSERTIONS = NO;
				ENABLE_STRICT_OBJC_MSGSEND = YES;
				GCC_C_LANGUAGE_STANDARD = gnu11;
				GCC_NO_COMMON_BLOCKS = YES;
				GCC_WARN_64_TO_32_BIT_CONVERSION = YES;
				GCC_WARN_ABOUT_RETURN_TYPE = YES_ERROR;
				GCC_WARN_UNDECLARED_SELECTOR = YES;
				GCC_WARN_UNINITIALIZED_AUTOS = YES_AGGRESSIVE;
				GCC_WARN_UNUSED_FUNCTION = YES;
				GCC_WARN_UNUSED_VARIABLE = YES;
				IPHONEOS_DEPLOYMENT_TARGET = 14.4;
				MTL_ENABLE_DEBUG_INFO = NO;
				MTL_FAST_MATH = YES;
				SDKROOT = iphoneos;
				SWIFT_COMPILATION_MODE = wholemodule;
				SWIFT_OPTIMIZATION_LEVEL = "-O";
				VALIDATE_PRODUCT = YES;
			};
			name = Release;
		};
		B98685A925F7E9FD00DC7C78 /* Debug */ = {
			isa = XCBuildConfiguration;
			buildSettings = {
				ASSETCATALOG_COMPILER_APPICON_NAME = AppIcon;
				ASSETCATALOG_COMPILER_GLOBAL_ACCENT_COLOR_NAME = AccentColor;
				CODE_SIGN_STYLE = Automatic;
				DEVELOPMENT_ASSET_PATHS = "\"SwiftUI_Redux_tutorial/Preview Content\"";
				DEVELOPMENT_TEAM = PW6SE5TE22;
				ENABLE_PREVIEWS = YES;
				INFOPLIST_FILE = SwiftUI_Redux_tutorial/Info.plist;
				IPHONEOS_DEPLOYMENT_TARGET = 14.0;
				LD_RUNPATH_SEARCH_PATHS = (
					"$(inherited)",
					"@executable_path/Frameworks",
				);
				PRODUCT_BUNDLE_IDENTIFIER = "com.wjapp.SwiftUI-Redux-tutorial";
				PRODUCT_NAME = "$(TARGET_NAME)";
				SWIFT_VERSION = 5.0;
				TARGETED_DEVICE_FAMILY = "1,2";
			};
			name = Debug;
		};
		B98685AA25F7E9FD00DC7C78 /* Release */ = {
			isa = XCBuildConfiguration;
			buildSettings = {
				ASSETCATALOG_COMPILER_APPICON_NAME = AppIcon;
				ASSETCATALOG_COMPILER_GLOBAL_ACCENT_COLOR_NAME = AccentColor;
				CODE_SIGN_STYLE = Automatic;
				DEVELOPMENT_ASSET_PATHS = "\"SwiftUI_Redux_tutorial/Preview Content\"";
				DEVELOPMENT_TEAM = PW6SE5TE22;
				ENABLE_PREVIEWS = YES;
				INFOPLIST_FILE = SwiftUI_Redux_tutorial/Info.plist;
				IPHONEOS_DEPLOYMENT_TARGET = 14.0;
				LD_RUNPATH_SEARCH_PATHS = (
					"$(inherited)",
					"@executable_path/Frameworks",
				);
				PRODUCT_BUNDLE_IDENTIFIER = "com.wjapp.SwiftUI-Redux-tutorial";
				PRODUCT_NAME = "$(TARGET_NAME)";
				SWIFT_VERSION = 5.0;
				TARGETED_DEVICE_FAMILY = "1,2";
			};
			name = Release;
		};
/* End XCBuildConfiguration section */

/* Begin XCConfigurationList section */
		B986859425F7E9FC00DC7C78 /* Build configuration list for PBXProject "SwiftUI_Redux_tutorial" */ = {
			isa = XCConfigurationList;
			buildConfigurations = (
				B98685A625F7E9FD00DC7C78 /* Debug */,
				B98685A725F7E9FD00DC7C78 /* Release */,
			);
			defaultConfigurationIsVisible = 0;
			defaultConfigurationName = Release;
		};
		B98685A825F7E9FD00DC7C78 /* Build configuration list for PBXNativeTarget "SwiftUI_Redux_tutorial" */ = {
			isa = XCConfigurationList;
			buildConfigurations = (
				B98685A925F7E9FD00DC7C78 /* Debug */,
				B98685AA25F7E9FD00DC7C78 /* Release */,
			);
			defaultConfigurationIsVisible = 0;
			defaultConfigurationName = Release;
		};
/* End XCConfigurationList section */
	};
	rootObject = B986859125F7E9FC00DC7C78 /* Project object */;
}
